{
  "version": 4,
  "terraform_version": "0.12.8",
  "serial": 11,
  "lineage": "6a70711b-5ffd-24fa-d2ab-3efae6a00229",
  "outputs": {
    "public_instance_ip": {
      "value": [
        "3.222.200.184"
      ],
      "type": [
        "tuple",
        [
          "string"
        ]
      ]
    },
    "public_route_table_ids": {
      "value": [
        "rtb-0afd40d8eb72410d5"
      ],
      "type": [
        "tuple",
        [
          "string"
        ]
      ]
    },
    "public_subnets": {
      "value": [
        "subnet-06aceb04ea26efa62"
      ],
      "type": [
        "tuple",
        [
          "string"
        ]
      ]
    },
    "vpc_id": {
      "value": "vpc-0e78682aeff498df2",
      "type": "string"
    }
  },
  "resources": [
    {
      "mode": "managed",
      "type": "aws_instance",
      "name": "testInstance",
      "provider": "provider.aws",
      "instances": [
        {
          "schema_version": 1,
          "attributes": {
            "ami": "ami-b374d5a5",
            "arn": "arn:aws:ec2:us-east-1:516854182046:instance/i-0419fe078f73f9d9e",
            "associate_public_ip_address": true,
            "availability_zone": "us-east-1a",
            "cpu_core_count": 1,
            "cpu_threads_per_core": 1,
            "credit_specification": [
              {
                "cpu_credits": "standard"
              }
            ],
            "disable_api_termination": false,
            "ebs_block_device": [],
            "ebs_optimized": false,
            "ephemeral_block_device": [],
            "get_password_data": false,
            "host_id": null,
            "iam_instance_profile": "",
            "id": "i-0419fe078f73f9d9e",
            "instance_initiated_shutdown_behavior": null,
            "instance_state": "running",
            "instance_type": "t2.micro",
            "ipv6_address_count": 0,
            "ipv6_addresses": [],
            "key_name": "publicKey",
            "monitoring": false,
            "network_interface": [],
            "network_interface_id": null,
            "password_data": "",
            "placement_group": "",
            "primary_network_interface_id": "eni-025c51103ab2c34b0",
            "private_dns": "ip-10-1-0-228.ec2.internal",
            "private_ip": "10.1.0.228",
            "public_dns": "ec2-3-222-200-184.compute-1.amazonaws.com",
            "public_ip": "3.222.200.184",
            "root_block_device": [
              {
                "delete_on_termination": true,
                "encrypted": false,
                "iops": 100,
                "kms_key_id": "",
                "volume_id": "vol-0efbccb0f5c1e1a70",
                "volume_size": 8,
                "volume_type": "gp2"
              }
            ],
            "security_groups": [],
            "source_dest_check": true,
            "subnet_id": "subnet-06aceb04ea26efa62",
            "tags": {
              "Environment": "Test"
            },
            "tenancy": "default",
            "timeouts": null,
            "user_data": null,
            "user_data_base64": null,
            "volume_tags": {},
            "vpc_security_group_ids": [
              "sg-0181e09547fb1884f"
            ]
          },
          "private": "eyJlMmJmYjczMC1lY2FhLTExZTYtOGY4OC0zNDM2M2JjN2M0YzAiOnsiY3JlYXRlIjo2MDAwMDAwMDAwMDAsImRlbGV0ZSI6MTIwMDAwMDAwMDAwMCwidXBkYXRlIjo2MDAwMDAwMDAwMDB9LCJzY2hlbWFfdmVyc2lvbiI6IjEifQ==",
          "depends_on": [
            "aws_key_pair.ec2key",
            "aws_security_group.sg_22",
            "aws_subnet.subnet_public"
          ]
        }
      ]
    },
    {
      "mode": "managed",
      "type": "aws_internet_gateway",
      "name": "igw",
      "provider": "provider.aws",
      "instances": [
        {
          "schema_version": 0,
          "attributes": {
            "id": "igw-0ee20976cd9d5b04e",
            "owner_id": "516854182046",
            "tags": {
              "Environment": "Test"
            },
            "vpc_id": "vpc-0e78682aeff498df2"
          },
          "private": "bnVsbA==",
          "depends_on": [
            "aws_vpc.vpc"
          ]
        }
      ]
    },
    {
      "mode": "managed",
      "type": "aws_key_pair",
      "name": "ec2key",
      "provider": "provider.aws",
      "instances": [
        {
          "schema_version": 1,
          "attributes": {
            "fingerprint": "89:5b:d9:0b:18:a0:4c:6c:70:08:f1:ec:dc:e7:40:bb",
            "id": "publicKey",
            "key_name": "publicKey",
            "key_name_prefix": null,
            "public_key": "ssh-rsa AAAAB3NzaC1yc2EAAAADAQABAAACAQDHO7LbRKwcITKdKtVSGwZAcFOPcpLmpqhCxIfzobg/xbepBhrYYg6eQovqvniKuTaf281MlQg4vmwxDgQlAqfiut/qugRT5fo+75pxfd8fI6dWkRsrg+YpmsgewldtTNQ+YRSoy0OwRJUDsq9LDUfnG1zvym38+P4drEyOi7Ktbz1CjQvNoH1JY3V6TH6umBbvzqUjaXihTxMZbj2BQFFULls3RfWpJkhvZ9j4Qa6o8yZs9KQMls2DiCrpmqEfsixxY1DtsilJ4u/e1QrBQJgL9iCxaMBRaRP3Vz2ofvq0AP/h+uW0aSjyDsVjX9TuO4LyR7U2Sv+92fKok3ocaAtJvL1lwMVZgrD3YiXTyl6L+k6vUlrjPBSRMQB/PFXR9oSgQkJFhgIwszAzEWUNsLO1+tj41VhPoI7zH45Q/4Jo2GgKFjNUdl84jPkvuPr8s7J2WREdm98KDWvYhOc2f2wi8R39SWzvPrcEGIrVDRmkFz3OIXDMRrhNWz1Oo6zGpqEyiec7Pm3SwH20/Dif9xhjs7HgWAi6e+fsSXceuLYPcrS64vs8Eq6JzsH3JkwIIE4ZMK5fA1msqkRFcXNXYbKJL4G0hGUg3ArVbLgwhI7y8DkkLMT6A/eIT4Nx6HuSAB3ltIkT3LymIgspUpGPOxw4NSeRdycLMp5LSLdLSkrhOw== manish@infracloud.io"
          },
          "private": "eyJzY2hlbWFfdmVyc2lvbiI6IjEifQ=="
        }
      ]
    },
    {
      "mode": "managed",
      "type": "aws_route_table",
      "name": "rtb_public",
      "provider": "provider.aws",
      "instances": [
        {
          "schema_version": 0,
          "attributes": {
            "id": "rtb-0afd40d8eb72410d5",
            "owner_id": "516854182046",
            "propagating_vgws": [],
            "route": [
              {
                "cidr_block": "0.0.0.0/0",
                "egress_only_gateway_id": "",
                "gateway_id": "igw-0ee20976cd9d5b04e",
                "instance_id": "",
                "ipv6_cidr_block": "",
                "nat_gateway_id": "",
                "network_interface_id": "",
                "transit_gateway_id": "",
                "vpc_peering_connection_id": ""
              }
            ],
            "tags": {
              "Environment": "Test"
            },
            "vpc_id": "vpc-0e78682aeff498df2"
          },
          "private": "bnVsbA==",
          "depends_on": [
            "aws_internet_gateway.igw",
            "aws_vpc.vpc"
          ]
        }
      ]
    },
    {
      "mode": "managed",
      "type": "aws_route_table_association",
      "name": "rta_subnet_public",
      "provider": "provider.aws",
      "instances": [
        {
          "schema_version": 0,
          "attributes": {
            "id": "rtbassoc-0dfaee65db3cef7d9",
            "route_table_id": "rtb-0afd40d8eb72410d5",
            "subnet_id": "subnet-06aceb04ea26efa62"
          },
          "private": "bnVsbA==",
          "depends_on": [
            "aws_route_table.rtb_public",
            "aws_subnet.subnet_public"
          ]
        }
      ]
    },
    {
      "mode": "managed",
      "type": "aws_security_group",
      "name": "sg_22",
      "provider": "provider.aws",
      "instances": [
        {
          "schema_version": 1,
          "attributes": {
            "arn": "arn:aws:ec2:us-east-1:516854182046:security-group/sg-0181e09547fb1884f",
            "description": "Managed by Terraform",
            "egress": [
              {
                "cidr_blocks": [
                  "0.0.0.0/0"
                ],
                "description": "",
                "from_port": 0,
                "ipv6_cidr_blocks": [],
                "prefix_list_ids": [],
                "protocol": "-1",
                "security_groups": [],
                "self": false,
                "to_port": 0
              }
            ],
            "id": "sg-0181e09547fb1884f",
            "ingress": [
              {
                "cidr_blocks": [
                  "0.0.0.0/0"
                ],
                "description": "",
                "from_port": 22,
                "ipv6_cidr_blocks": [],
                "prefix_list_ids": [],
                "protocol": "tcp",
                "security_groups": [],
                "self": false,
                "to_port": 22
              }
            ],
            "name": "sg_22",
            "name_prefix": null,
            "owner_id": "516854182046",
            "revoke_rules_on_delete": false,
            "tags": {
              "Environment": "Test"
            },
            "timeouts": null,
            "vpc_id": "vpc-0e78682aeff498df2"
          },
          "private": "eyJlMmJmYjczMC1lY2FhLTExZTYtOGY4OC0zNDM2M2JjN2M0YzAiOnsiY3JlYXRlIjo2MDAwMDAwMDAwMDAsImRlbGV0ZSI6NjAwMDAwMDAwMDAwfSwic2NoZW1hX3ZlcnNpb24iOiIxIn0=",
          "depends_on": [
            "aws_vpc.vpc"
          ]
        }
      ]
    },
    {
      "mode": "managed",
      "type": "aws_subnet",
      "name": "subnet_public",
      "provider": "provider.aws",
      "instances": [
        {
          "schema_version": 1,
          "attributes": {
            "arn": "arn:aws:ec2:us-east-1:516854182046:subnet/subnet-06aceb04ea26efa62",
            "assign_ipv6_address_on_creation": false,
            "availability_zone": "us-east-1a",
            "availability_zone_id": "use1-az1",
            "cidr_block": "10.1.0.0/24",
            "id": "subnet-06aceb04ea26efa62",
            "ipv6_cidr_block": "",
            "ipv6_cidr_block_association_id": "",
            "map_public_ip_on_launch": true,
            "owner_id": "516854182046",
            "tags": {
              "Environment": "Test"
            },
            "timeouts": null,
            "vpc_id": "vpc-0e78682aeff498df2"
          },
          "private": "eyJlMmJmYjczMC1lY2FhLTExZTYtOGY4OC0zNDM2M2JjN2M0YzAiOnsiY3JlYXRlIjo2MDAwMDAwMDAwMDAsImRlbGV0ZSI6MTIwMDAwMDAwMDAwMH0sInNjaGVtYV92ZXJzaW9uIjoiMSJ9",
          "depends_on": [
            "aws_vpc.vpc"
          ]
        }
      ]
    },
    {
      "mode": "managed",
      "type": "aws_vpc",
      "name": "vpc",
      "provider": "provider.aws",
      "instances": [
        {
          "schema_version": 1,
          "attributes": {
            "arn": "arn:aws:ec2:us-east-1:516854182046:vpc/vpc-0e78682aeff498df2",
            "assign_generated_ipv6_cidr_block": false,
            "cidr_block": "10.1.0.0/16",
            "default_network_acl_id": "acl-0405ca75cb2112fa6",
            "default_route_table_id": "rtb-04d5d589770ad0c17",
            "default_security_group_id": "sg-0257ffe0e6dfa2186",
            "dhcp_options_id": "dopt-66aaf51d",
            "enable_classiclink": false,
            "enable_classiclink_dns_support": false,
            "enable_dns_hostnames": true,
            "enable_dns_support": true,
            "id": "vpc-0e78682aeff498df2",
            "instance_tenancy": "default",
            "ipv6_association_id": "",
            "ipv6_cidr_block": "",
            "main_route_table_id": "rtb-04d5d589770ad0c17",
            "owner_id": "516854182046",
            "tags": {
              "Environment": "Test"
            }
          },
          "private": "eyJzY2hlbWFfdmVyc2lvbiI6IjEifQ=="
        }
      ]
    }
  ]
}
